
Microsoft Visual Studio Solution File, Format Version 12.00
Project("{FAE04EC0-301F-11D3-BF4B-00C04F79EFBC}") = "Studenda.Core", "Studenda.Core\Studenda.Core.csproj", "{0EA7F8F6-E105-433C-85D0-F63ECB1B6972}"
EndProject
Project("{FAE04EC0-301F-11D3-BF4B-00C04F79EFBC}") = "Studenda.Core.Test.Integration", "Studenda.Core.Test.Integration\Studenda.Core.Test.Integration.csproj", "{96D8FFD5-DC76-4AD8-B455-2CC877E165AF}"
EndProject
Global
	GlobalSection(SolutionConfigurationPlatforms) = preSolution
		Debug|Any CPU = Debug|Any CPU
		Release|Any CPU = Release|Any CPU
	EndGlobalSection
	GlobalSection(ProjectConfigurationPlatforms) = postSolution
		{0EA7F8F6-E105-433C-85D0-F63ECB1B6972}.Debug|Any CPU.ActiveCfg = Debug|Any CPU
		{0EA7F8F6-E105-433C-85D0-F63ECB1B6972}.Debug|Any CPU.Build.0 = Debug|Any CPU
		{0EA7F8F6-E105-433C-85D0-F63ECB1B6972}.Release|Any CPU.ActiveCfg = Release|Any CPU
		{0EA7F8F6-E105-433C-85D0-F63ECB1B6972}.Release|Any CPU.Build.0 = Release|Any CPU
		{96D8FFD5-DC76-4AD8-B455-2CC877E165AF}.Debug|Any CPU.ActiveCfg = Debug|Any CPU
		{96D8FFD5-DC76-4AD8-B455-2CC877E165AF}.Debug|Any CPU.Build.0 = Debug|Any CPU
		{96D8FFD5-DC76-4AD8-B455-2CC877E165AF}.Release|Any CPU.ActiveCfg = Release|Any CPU
		{96D8FFD5-DC76-4AD8-B455-2CC877E165AF}.Release|Any CPU.Build.0 = Release|Any CPU
	EndGlobalSection
EndGlobal
